// !$*UTF8*$!
{
	archiveVersion = 1;
	classes = {
	};
	objectVersion = 60;
	objects = {

/* Begin PBXBuildFile section */
		0A507E60583C3EB450A0CB52 /* ChallengeViewModel.swift in Sources */ = {isa = PBXBuildFile; fileRef = F2FA70833D82910714D917CB /* ChallengeViewModel.swift */; };
		109F6FB49312EC80FCD911C5 /* AppLogger.swift in Sources */ = {isa = PBXBuildFile; fileRef = 058014A52D5F6B59E4E6F91A /* AppLogger.swift */; };
		178779CDFBB41F83D03552D9 /* DebugMenuView.swift in Sources */ = {isa = PBXBuildFile; fileRef = 346ED3D646BAC3EDD6CAEA80 /* DebugMenuView.swift */; };
		22442BB62166EEA6000CDCBD /* Assets.xcassets in Resources */ = {isa = PBXBuildFile; fileRef = 22442BB52166EEA6000CDCBD /* Assets.xcassets */; };
		233ACB34FD379520A3BE5E89 /* SolutionsSummaryView.swift in Sources */ = {isa = PBXBuildFile; fileRef = AF4D7FCB4DFB84D4D21745E1 /* SolutionsSummaryView.swift */; };
		23CBE153CCA3D14CAD08C2AB /* SolveView.swift in Sources */ = {isa = PBXBuildFile; fileRef = 9B346A7032379315EF28FC40 /* SolveView.swift */; };
		28AF5EE9F2896C266D1A211A /* DiceWheelPicker.swift in Sources */ = {isa = PBXBuildFile; fileRef = 802B42ADD89BAC305E6B2C71 /* DiceWheelPicker.swift */; };
		2B12B0471252C67B391B05DF /* MailComposeView.swift in Sources */ = {isa = PBXBuildFile; fileRef = A88480047CC6CDFBCC361413 /* MailComposeView.swift */; };
		2CD29C148EF04A84BFE2B43F /* PurchaseManager.swift in Sources */ = {isa = PBXBuildFile; fileRef = 49E3E585FF88A3FC94EC0A9D /* PurchaseManager.swift */; };
		2FA35E8C6546FFCFB2E59BA9 /* PuzzleSolver.swift in Sources */ = {isa = PBXBuildFile; fileRef = D0B50153ADCD9D10D791A37F /* PuzzleSolver.swift */; };
		3519A4D3F8B524BCC033AC17 /* SolutionExpressionView.swift in Sources */ = {isa = PBXBuildFile; fileRef = 4ACD37971BD1FDC60825FA4C /* SolutionExpressionView.swift */; };
		35702C5765947A688C5A0DD9 /* PurchasesView.swift in Sources */ = {isa = PBXBuildFile; fileRef = 0B409ED983E225DE70E87206 /* PurchasesView.swift */; };
		59202EF6471D72022EEB0138 /* NumberBuilderApp.swift in Sources */ = {isa = PBXBuildFile; fileRef = 39699B6BD6DB993440EA057F /* NumberBuilderApp.swift */; };
		6D477EFD5397340BD8D54B5D /* SolveViewModel.swift in Sources */ = {isa = PBXBuildFile; fileRef = 7289C40D7957E63653F07F80 /* SolveViewModel.swift */; };
		6FD6C5D63A0EA8B6DF4A98C8 /* SolutionListView.swift in Sources */ = {isa = PBXBuildFile; fileRef = 97AF6308B444370840CA4E46 /* SolutionListView.swift */; };
		744AF7B8D6E42795056415A3 /* AboutView.swift in Sources */ = {isa = PBXBuildFile; fileRef = 56D7A94C019CAE2E93FD567F /* AboutView.swift */; };
		8105510B87087443EAB39C05 /* NumberBuilderKit in Frameworks */ = {isa = PBXBuildFile; productRef = 210D164A8C076111ED33485A /* NumberBuilderKit */; };
		825C951102D0D9DF47107862 /* ViewModifiers.swift in Sources */ = {isa = PBXBuildFile; fileRef = 0AF3501BDF235278053A3A86 /* ViewModifiers.swift */; };
		A12D23EFD61D8F0B46A8BA97 /* DiceAppearanceView.swift in Sources */ = {isa = PBXBuildFile; fileRef = F444F5DDCCDDC79F4DAE1A70 /* DiceAppearanceView.swift */; };
		BB5EE82F6468FDBB409347CD /* ChallengeView.swift in Sources */ = {isa = PBXBuildFile; fileRef = 617CEE4E62871A522BE9FE43 /* ChallengeView.swift */; };
		C058671309A4796B25C72C03 /* HowToPlayView.swift in Sources */ = {isa = PBXBuildFile; fileRef = 6BBD575E96F3ACFD4599C0FA /* HowToPlayView.swift */; };
		CF2C96BDFE26865F824AD402 /* PaywallView.swift in Sources */ = {isa = PBXBuildFile; fileRef = 687C32E7E17D3E291E6B07E9 /* PaywallView.swift */; };
		E29163D15F282B3F317B5CF7 /* SettingsView.swift in Sources */ = {isa = PBXBuildFile; fileRef = C5CA5CB7C2B85233A96D9136 /* SettingsView.swift */; };
		EB2D0A8806DCCA2D51D57259 /* DiceFaceView.swift in Sources */ = {isa = PBXBuildFile; fileRef = 64BE92643EE4EFAE136C0528 /* DiceFaceView.swift */; };
/* End PBXBuildFile section */

/* Begin PBXFileReference section */
		058014A52D5F6B59E4E6F91A /* AppLogger.swift */ = {isa = PBXFileReference; lastKnownFileType = sourcecode.swift; path = AppLogger.swift; sourceTree = "<group>"; };
		0AF3501BDF235278053A3A86 /* ViewModifiers.swift */ = {isa = PBXFileReference; lastKnownFileType = sourcecode.swift; path = ViewModifiers.swift; sourceTree = "<group>"; };
		0B409ED983E225DE70E87206 /* PurchasesView.swift */ = {isa = PBXFileReference; lastKnownFileType = sourcecode.swift; path = PurchasesView.swift; sourceTree = "<group>"; };
		22442BAB2166EEA4000CDCBD /* NumberBuilder.app */ = {isa = PBXFileReference; explicitFileType = wrapper.application; includeInIndex = 0; path = NumberBuilder.app; sourceTree = BUILT_PRODUCTS_DIR; };
		22442BB52166EEA6000CDCBD /* Assets.xcassets */ = {isa = PBXFileReference; lastKnownFileType = folder.assetcatalog; path = Assets.xcassets; sourceTree = "<group>"; };
		22442BBA2166EEA6000CDCBD /* Info.plist */ = {isa = PBXFileReference; lastKnownFileType = text.plist.xml; path = Info.plist; sourceTree = "<group>"; };
		346ED3D646BAC3EDD6CAEA80 /* DebugMenuView.swift */ = {isa = PBXFileReference; lastKnownFileType = sourcecode.swift; path = DebugMenuView.swift; sourceTree = "<group>"; };
		39699B6BD6DB993440EA057F /* NumberBuilderApp.swift */ = {isa = PBXFileReference; lastKnownFileType = sourcecode.swift; path = NumberBuilderApp.swift; sourceTree = "<group>"; };
		3C4F504649EB168C700B1CF2 /* Configuration.storekit */ = {isa = PBXFileReference; lastKnownFileType = text; path = Configuration.storekit; sourceTree = "<group>"; };
		49E3E585FF88A3FC94EC0A9D /* PurchaseManager.swift */ = {isa = PBXFileReference; lastKnownFileType = sourcecode.swift; path = PurchaseManager.swift; sourceTree = "<group>"; };
		4ACD37971BD1FDC60825FA4C /* SolutionExpressionView.swift */ = {isa = PBXFileReference; lastKnownFileType = sourcecode.swift; path = SolutionExpressionView.swift; sourceTree = "<group>"; };
		56D7A94C019CAE2E93FD567F /* AboutView.swift */ = {isa = PBXFileReference; lastKnownFileType = sourcecode.swift; path = AboutView.swift; sourceTree = "<group>"; };
		617CEE4E62871A522BE9FE43 /* ChallengeView.swift */ = {isa = PBXFileReference; lastKnownFileType = sourcecode.swift; path = ChallengeView.swift; sourceTree = "<group>"; };
		64BE92643EE4EFAE136C0528 /* DiceFaceView.swift */ = {isa = PBXFileReference; lastKnownFileType = sourcecode.swift; path = DiceFaceView.swift; sourceTree = "<group>"; };
		687C32E7E17D3E291E6B07E9 /* PaywallView.swift */ = {isa = PBXFileReference; lastKnownFileType = sourcecode.swift; path = PaywallView.swift; sourceTree = "<group>"; };
		6BBD575E96F3ACFD4599C0FA /* HowToPlayView.swift */ = {isa = PBXFileReference; lastKnownFileType = sourcecode.swift; path = HowToPlayView.swift; sourceTree = "<group>"; };
		7289C40D7957E63653F07F80 /* SolveViewModel.swift */ = {isa = PBXFileReference; lastKnownFileType = sourcecode.swift; path = SolveViewModel.swift; sourceTree = "<group>"; };
		802B42ADD89BAC305E6B2C71 /* DiceWheelPicker.swift */ = {isa = PBXFileReference; lastKnownFileType = sourcecode.swift; path = DiceWheelPicker.swift; sourceTree = "<group>"; };
		97AF6308B444370840CA4E46 /* SolutionListView.swift */ = {isa = PBXFileReference; lastKnownFileType = sourcecode.swift; path = SolutionListView.swift; sourceTree = "<group>"; };
		9B346A7032379315EF28FC40 /* SolveView.swift */ = {isa = PBXFileReference; lastKnownFileType = sourcecode.swift; path = SolveView.swift; sourceTree = "<group>"; };
		A88480047CC6CDFBCC361413 /* MailComposeView.swift */ = {isa = PBXFileReference; lastKnownFileType = sourcecode.swift; path = MailComposeView.swift; sourceTree = "<group>"; };
		AF4D7FCB4DFB84D4D21745E1 /* SolutionsSummaryView.swift */ = {isa = PBXFileReference; lastKnownFileType = sourcecode.swift; path = SolutionsSummaryView.swift; sourceTree = "<group>"; };
		C5CA5CB7C2B85233A96D9136 /* SettingsView.swift */ = {isa = PBXFileReference; lastKnownFileType = sourcecode.swift; path = SettingsView.swift; sourceTree = "<group>"; };
		D0B50153ADCD9D10D791A37F /* PuzzleSolver.swift */ = {isa = PBXFileReference; lastKnownFileType = sourcecode.swift; path = PuzzleSolver.swift; sourceTree = "<group>"; };
		F2FA70833D82910714D917CB /* ChallengeViewModel.swift */ = {isa = PBXFileReference; lastKnownFileType = sourcecode.swift; path = ChallengeViewModel.swift; sourceTree = "<group>"; };
		F444F5DDCCDDC79F4DAE1A70 /* DiceAppearanceView.swift */ = {isa = PBXFileReference; lastKnownFileType = sourcecode.swift; path = DiceAppearanceView.swift; sourceTree = "<group>"; };
/* End PBXFileReference section */

/* Begin PBXFrameworksBuildPhase section */
		22442BA82166EEA4000CDCBD /* Frameworks */ = {
			isa = PBXFrameworksBuildPhase;
			buildActionMask = 2147483647;
			files = (
				8105510B87087443EAB39C05 /* NumberBuilderKit in Frameworks */,
			);
			runOnlyForDeploymentPostprocessing = 0;
		};
/* End PBXFrameworksBuildPhase section */

/* Begin PBXGroup section */
		22442BA22166EEA4000CDCBD = {
			isa = PBXGroup;
			children = (
				22442BAD2166EEA4000CDCBD /* NumberBuilder */,
				22442BAC2166EEA4000CDCBD /* Products */,
			);
			sourceTree = "<group>";
		};
		22442BAC2166EEA4000CDCBD /* Products */ = {
			isa = PBXGroup;
			children = (
				22442BAB2166EEA4000CDCBD /* NumberBuilder.app */,
			);
			name = Products;
			sourceTree = "<group>";
		};
		22442BAD2166EEA4000CDCBD /* NumberBuilder */ = {
			isa = PBXGroup;
			children = (
				E175977336BD2D47F329BAF9 /* App */,
				A2C66A5CF0005A9D716F5C53 /* Solve */,
				254CC027BAEA6A04AE1EDA3F /* Solutions */,
				6DA7BFCDCB9A827484823115 /* Challenge */,
				946579D276BE175D1041399A /* About */,
				3791EE6C3FBF8EBE4E2FB998 /* Settings */,
				31E50F802CACEEC5A8EB5BB3 /* Purchase */,
				AF6CFFB744BC026FFB5A20E3 /* Debug */,
				5A9BABAA54EC3091C6CE1124 /* DesignSystem */,
				22442BB52166EEA6000CDCBD /* Assets.xcassets */,
				22442BBA2166EEA6000CDCBD /* Info.plist */,
				3C4F504649EB168C700B1CF2 /* Configuration.storekit */,
			);
			path = NumberBuilder;
			sourceTree = "<group>";
		};
		254CC027BAEA6A04AE1EDA3F /* Solutions */ = {
			isa = PBXGroup;
			children = (
				4ACD37971BD1FDC60825FA4C /* SolutionExpressionView.swift */,
				AF4D7FCB4DFB84D4D21745E1 /* SolutionsSummaryView.swift */,
				97AF6308B444370840CA4E46 /* SolutionListView.swift */,
			);
			path = Solutions;
			sourceTree = "<group>";
		};
		31E50F802CACEEC5A8EB5BB3 /* Purchase */ = {
			isa = PBXGroup;
			children = (
				49E3E585FF88A3FC94EC0A9D /* PurchaseManager.swift */,
				687C32E7E17D3E291E6B07E9 /* PaywallView.swift */,
				0B409ED983E225DE70E87206 /* PurchasesView.swift */,
			);
			path = Purchase;
			sourceTree = "<group>";
		};
		3791EE6C3FBF8EBE4E2FB998 /* Settings */ = {
			isa = PBXGroup;
			children = (
				C5CA5CB7C2B85233A96D9136 /* SettingsView.swift */,
			);
			path = Settings;
			sourceTree = "<group>";
		};
		5A9BABAA54EC3091C6CE1124 /* DesignSystem */ = {
			isa = PBXGroup;
			children = (
				0AF3501BDF235278053A3A86 /* ViewModifiers.swift */,
				64BE92643EE4EFAE136C0528 /* DiceFaceView.swift */,
			);
			path = DesignSystem;
			sourceTree = "<group>";
		};
		6DA7BFCDCB9A827484823115 /* Challenge */ = {
			isa = PBXGroup;
			children = (
				617CEE4E62871A522BE9FE43 /* ChallengeView.swift */,
				F2FA70833D82910714D917CB /* ChallengeViewModel.swift */,
			);
			path = Challenge;
			sourceTree = "<group>";
		};
		946579D276BE175D1041399A /* About */ = {
			isa = PBXGroup;
			children = (
				56D7A94C019CAE2E93FD567F /* AboutView.swift */,
				A88480047CC6CDFBCC361413 /* MailComposeView.swift */,
				6BBD575E96F3ACFD4599C0FA /* HowToPlayView.swift */,
				F444F5DDCCDDC79F4DAE1A70 /* DiceAppearanceView.swift */,
			);
			path = About;
			sourceTree = "<group>";
		};
		A2C66A5CF0005A9D716F5C53 /* Solve */ = {
			isa = PBXGroup;
			children = (
				9B346A7032379315EF28FC40 /* SolveView.swift */,
				7289C40D7957E63653F07F80 /* SolveViewModel.swift */,
				802B42ADD89BAC305E6B2C71 /* DiceWheelPicker.swift */,
			);
			path = Solve;
			sourceTree = "<group>";
		};
		AF6CFFB744BC026FFB5A20E3 /* Debug */ = {
			isa = PBXGroup;
			children = (
				346ED3D646BAC3EDD6CAEA80 /* DebugMenuView.swift */,
			);
			path = Debug;
			sourceTree = "<group>";
		};
		E175977336BD2D47F329BAF9 /* App */ = {
			isa = PBXGroup;
			children = (
				39699B6BD6DB993440EA057F /* NumberBuilderApp.swift */,
				058014A52D5F6B59E4E6F91A /* AppLogger.swift */,
				D0B50153ADCD9D10D791A37F /* PuzzleSolver.swift */,
			);
			path = App;
			sourceTree = "<group>";
		};
/* End PBXGroup section */

/* Begin PBXNativeTarget section */
		22442BAA2166EEA4000CDCBD /* NumberBuilder */ = {
			isa = PBXNativeTarget;
			buildConfigurationList = 22442BBD2166EEA6000CDCBD /* Build configuration list for PBXNativeTarget "NumberBuilder" */;
			buildPhases = (
				22442BA72166EEA4000CDCBD /* Sources */,
				22442BA82166EEA4000CDCBD /* Frameworks */,
				22442BA92166EEA4000CDCBD /* Resources */,
			);
			buildRules = (
			);
			dependencies = (
			);
			name = NumberBuilder;
			packageProductDependencies = (
				210D164A8C076111ED33485A /* NumberBuilderKit */,
			);
			productName = NumberSlam;
			productReference = 22442BAB2166EEA4000CDCBD /* NumberBuilder.app */;
			productType = "com.apple.product-type.application";
		};
/* End PBXNativeTarget section */

/* Begin PBXProject section */
		22442BA32166EEA4000CDCBD /* Project object */ = {
			isa = PBXProject;
			attributes = {
				BuildIndependentTargetsInParallel = YES;
				LastSwiftUpdateCheck = 1000;
				LastUpgradeCheck = 2660;
				ORGANIZATIONNAME = Widgetilities;
				TargetAttributes = {
					22442BAA2166EEA4000CDCBD = {
						CreatedOnToolsVersion = 10.0;
						LastSwiftMigration = 1110;
					};
				};
			};
			buildConfigurationList = 22442BA62166EEA4000CDCBD /* Build configuration list for PBXProject "NumberBuilder" */;
			compatibilityVersion = "Xcode 9.3";
			developmentRegion = en;
			hasScannedForEncodings = 0;
			knownRegions = (
				en,
				Base,
			);
			mainGroup = 22442BA22166EEA4000CDCBD;
			packageReferences = (
				C141ABB1C85793FD2C8AF189 /* XCLocalSwiftPackageReference "NumberBuilderKit" */,
			);
			productRefGroup = 22442BAC2166EEA4000CDCBD /* Products */;
			projectDirPath = "";
			projectRoot = "";
			targets = (
				22442BAA2166EEA4000CDCBD /* NumberBuilder */,
			);
		};
/* End PBXProject section */

/* Begin PBXResourcesBuildPhase section */
		22442BA92166EEA4000CDCBD /* Resources */ = {
			isa = PBXResourcesBuildPhase;
			buildActionMask = 2147483647;
			files = (
				22442BB62166EEA6000CDCBD /* Assets.xcassets in Resources */,
			);
			runOnlyForDeploymentPostprocessing = 0;
		};
/* End PBXResourcesBuildPhase section */

/* Begin PBXSourcesBuildPhase section */
		22442BA72166EEA4000CDCBD /* Sources */ = {
			isa = PBXSourcesBuildPhase;
			buildActionMask = 2147483647;
			files = (
				59202EF6471D72022EEB0138 /* NumberBuilderApp.swift in Sources */,
				109F6FB49312EC80FCD911C5 /* AppLogger.swift in Sources */,
				2FA35E8C6546FFCFB2E59BA9 /* PuzzleSolver.swift in Sources */,
				23CBE153CCA3D14CAD08C2AB /* SolveView.swift in Sources */,
				6D477EFD5397340BD8D54B5D /* SolveViewModel.swift in Sources */,
				28AF5EE9F2896C266D1A211A /* DiceWheelPicker.swift in Sources */,
				BB5EE82F6468FDBB409347CD /* ChallengeView.swift in Sources */,
				0A507E60583C3EB450A0CB52 /* ChallengeViewModel.swift in Sources */,
				3519A4D3F8B524BCC033AC17 /* SolutionExpressionView.swift in Sources */,
				233ACB34FD379520A3BE5E89 /* SolutionsSummaryView.swift in Sources */,
				6FD6C5D63A0EA8B6DF4A98C8 /* SolutionListView.swift in Sources */,
				744AF7B8D6E42795056415A3 /* AboutView.swift in Sources */,
				2B12B0471252C67B391B05DF /* MailComposeView.swift in Sources */,
				C058671309A4796B25C72C03 /* HowToPlayView.swift in Sources */,
				A12D23EFD61D8F0B46A8BA97 /* DiceAppearanceView.swift in Sources */,
				178779CDFBB41F83D03552D9 /* DebugMenuView.swift in Sources */,
				E29163D15F282B3F317B5CF7 /* SettingsView.swift in Sources */,
				2CD29C148EF04A84BFE2B43F /* PurchaseManager.swift in Sources */,
				CF2C96BDFE26865F824AD402 /* PaywallView.swift in Sources */,
				35702C5765947A688C5A0DD9 /* PurchasesView.swift in Sources */,
				825C951102D0D9DF47107862 /* ViewModifiers.swift in Sources */,
				EB2D0A8806DCCA2D51D57259 /* DiceFaceView.swift in Sources */,
			);
			runOnlyForDeploymentPostprocessing = 0;
		};
/* End PBXSourcesBuildPhase section */

/* Begin XCBuildConfiguration section */
		22442BBB2166EEA6000CDCBD /* Debug */ = {
			isa = XCBuildConfiguration;
			buildSettings = {
				ALWAYS_SEARCH_USER_PATHS = NO;
				ASSETCATALOG_COMPILER_GENERATE_SWIFT_ASSET_SYMBOL_EXTENSIONS = YES;
				CLANG_ANALYZER_NONNULL = YES;
				CLANG_ANALYZER_NUMBER_OBJECT_CONVERSION = YES_AGGRESSIVE;
				CLANG_CXX_LANGUAGE_STANDARD = "gnu++14";
				CLANG_CXX_LIBRARY = "libc++";
				CLANG_ENABLE_MODULES = YES;
				CLANG_ENABLE_OBJC_ARC = YES;
				CLANG_ENABLE_OBJC_WEAK = YES;
				CLANG_WARN_BLOCK_CAPTURE_AUTORELEASING = YES;
				CLANG_WARN_BOOL_CONVERSION = YES;
				CLANG_WARN_COMMA = YES;
				CLANG_WARN_CONSTANT_CONVERSION = YES;
				CLANG_WARN_DEPRECATED_OBJC_IMPLEMENTATIONS = YES;
				CLANG_WARN_DIRECT_OBJC_ISA_USAGE = YES_ERROR;
				CLANG_WARN_DOCUMENTATION_COMMENTS = YES;
				CLANG_WARN_EMPTY_BODY = YES;
				CLANG_WARN_ENUM_CONVERSION = YES;
				CLANG_WARN_INFINITE_RECURSION = YES;
				CLANG_WARN_INT_CONVERSION = YES;
				CLANG_WARN_NON_LITERAL_NULL_CONVERSION = YES;
				CLANG_WARN_OBJC_IMPLICIT_RETAIN_SELF = YES;
				CLANG_WARN_OBJC_LITERAL_CONVERSION = YES;
				CLANG_WARN_OBJC_ROOT_CLASS = YES_ERROR;
				CLANG_WARN_QUOTED_INCLUDE_IN_FRAMEWORK_HEADER = YES;
				CLANG_WARN_RANGE_LOOP_ANALYSIS = YES;
				CLANG_WARN_STRICT_PROTOTYPES = YES;
				CLANG_WARN_SUSPICIOUS_MOVE = YES;
				CLANG_WARN_UNGUARDED_AVAILABILITY = YES_AGGRESSIVE;
				CLANG_WARN_UNREACHABLE_CODE = YES;
				CLANG_WARN__DUPLICATE_METHOD_MATCH = YES;
				CODE_SIGN_IDENTITY = "iPhone Developer";
				COPY_PHASE_STRIP = NO;
				DEBUG_INFORMATION_FORMAT = dwarf;
				DEVELOPMENT_TEAM = 4C592246MX;
				ENABLE_STRICT_OBJC_MSGSEND = YES;
				ENABLE_TESTABILITY = YES;
				ENABLE_USER_SCRIPT_SANDBOXING = YES;
				GCC_C_LANGUAGE_STANDARD = gnu11;
				GCC_DYNAMIC_NO_PIC = NO;
				GCC_NO_COMMON_BLOCKS = YES;
				GCC_OPTIMIZATION_LEVEL = 0;
				GCC_PREPROCESSOR_DEFINITIONS = (
					"DEBUG=1",
					"$(inherited)",
				);
				GCC_WARN_64_TO_32_BIT_CONVERSION = YES;
				GCC_WARN_ABOUT_RETURN_TYPE = YES_ERROR;
				GCC_WARN_UNDECLARED_SELECTOR = YES;
				GCC_WARN_UNINITIALIZED_AUTOS = YES_AGGRESSIVE;
				GCC_WARN_UNUSED_FUNCTION = YES;
				GCC_WARN_UNUSED_VARIABLE = YES;
				IPHONEOS_DEPLOYMENT_TARGET = 17.0;
				MTL_ENABLE_DEBUG_INFO = INCLUDE_SOURCE;
				MTL_FAST_MATH = YES;
				ONLY_ACTIVE_ARCH = YES;
				SDKROOT = iphoneos;
				STRING_CATALOG_GENERATE_SYMBOLS = YES;
				SWIFT_ACTIVE_COMPILATION_CONDITIONS = DEBUG;
				SWIFT_OPTIMIZATION_LEVEL = "-Onone";
			};
			name = Debug;
		};
		22442BBC2166EEA6000CDCBD /* Release */ = {
			isa = XCBuildConfiguration;
			buildSettings = {
				ALWAYS_SEARCH_USER_PATHS = NO;
				ASSETCATALOG_COMPILER_GENERATE_SWIFT_ASSET_SYMBOL_EXTENSIONS = YES;
				CLANG_ANALYZER_NONNULL = YES;
				CLANG_ANALYZER_NUMBER_OBJECT_CONVERSION = YES_AGGRESSIVE;
				CLANG_CXX_LANGUAGE_STANDARD = "gnu++14";
				CLANG_CXX_LIBRARY = "libc++";
				CLANG_ENABLE_MODULES = YES;
				CLANG_ENABLE_OBJC_ARC = YES;
				CLANG_ENABLE_OBJC_WEAK = YES;
				CLANG_WARN_BLOCK_CAPTURE_AUTORELEASING = YES;
				CLANG_WARN_BOOL_CONVERSION = YES;
				CLANG_WARN_COMMA = YES;
				CLANG_WARN_CONSTANT_CONVERSION = YES;
				CLANG_WARN_DEPRECATED_OBJC_IMPLEMENTATIONS = YES;
				CLANG_WARN_DIRECT_OBJC_ISA_USAGE = YES_ERROR;
				CLANG_WARN_DOCUMENTATION_COMMENTS = YES;
				CLANG_WARN_EMPTY_BODY = YES;
				CLANG_WARN_ENUM_CONVERSION = YES;
				CLANG_WARN_INFINITE_RECURSION = YES;
				CLANG_WARN_INT_CONVERSION = YES;
				CLANG_WARN_NON_LITERAL_NULL_CONVERSION = YES;
				CLANG_WARN_OBJC_IMPLICIT_RETAIN_SELF = YES;
				CLANG_WARN_OBJC_LITERAL_CONVERSION = YES;
				CLANG_WARN_OBJC_ROOT_CLASS = YES_ERROR;
				CLANG_WARN_QUOTED_INCLUDE_IN_FRAMEWORK_HEADER = YES;
				CLANG_WARN_RANGE_LOOP_ANALYSIS = YES;
				CLANG_WARN_STRICT_PROTOTYPES = YES;
				CLANG_WARN_SUSPICIOUS_MOVE = YES;
				CLANG_WARN_UNGUARDED_AVAILABILITY = YES_AGGRESSIVE;
				CLANG_WARN_UNREACHABLE_CODE = YES;
				CLANG_WARN__DUPLICATE_METHOD_MATCH = YES;
				CODE_SIGN_IDENTITY = "iPhone Developer";
				COPY_PHASE_STRIP = NO;
				DEBUG_INFORMATION_FORMAT = "dwarf-with-dsym";
				DEVELOPMENT_TEAM = 4C592246MX;
				ENABLE_NS_ASSERTIONS = NO;
				ENABLE_STRICT_OBJC_MSGSEND = YES;
				ENABLE_USER_SCRIPT_SANDBOXING = YES;
				GCC_C_LANGUAGE_STANDARD = gnu11;
				GCC_NO_COMMON_BLOCKS = YES;
				GCC_WARN_64_TO_32_BIT_CONVERSION = YES;
				GCC_WARN_ABOUT_RETURN_TYPE = YES_ERROR;
				GCC_WARN_UNDECLARED_SELECTOR = YES;
				GCC_WARN_UNINITIALIZED_AUTOS = YES_AGGRESSIVE;
				GCC_WARN_UNUSED_FUNCTION = YES;
				GCC_WARN_UNUSED_VARIABLE = YES;
				IPHONEOS_DEPLOYMENT_TARGET = 17.0;
				MTL_ENABLE_DEBUG_INFO = NO;
				MTL_FAST_MATH = YES;
				SDKROOT = iphoneos;
				STRING_CATALOG_GENERATE_SYMBOLS = YES;
				SWIFT_COMPILATION_MODE = wholemodule;
				SWIFT_OPTIMIZATION_LEVEL = "-O";
				VALIDATE_PRODUCT = YES;
			};
			name = Release;
		};
		22442BBE2166EEA6000CDCBD /* Debug */ = {
			isa = XCBuildConfiguration;
			buildSettings = {
				ASSETCATALOG_COMPILER_APPICON_NAME = AppIcon;
				CODE_SIGN_STYLE = Automatic;
				CURRENT_PROJECT_VERSION = 6;
				INFOPLIST_FILE = NumberBuilder/Info.plist;
				LD_RUNPATH_SEARCH_PATHS = (
					"$(inherited)",
					"@executable_path/Frameworks",
				);
				MARKETING_VERSION = 2.0;
				PRODUCT_BUNDLE_IDENTIFIER = Widgetilities.NumberBuilder;
				PRODUCT_NAME = NumberBuilder;
				SWIFT_VERSION = 5.0;
				TARGETED_DEVICE_FAMILY = "1,2";
			};
			name = Debug;
		};
		22442BBF2166EEA6000CDCBD /* Release */ = {
			isa = XCBuildConfiguration;
			buildSettings = {
				ASSETCATALOG_COMPILER_APPICON_NAME = AppIcon;
				CODE_SIGN_STYLE = Automatic;
				CURRENT_PROJECT_VERSION = 6;
				INFOPLIST_FILE = NumberBuilder/Info.plist;
				LD_RUNPATH_SEARCH_PATHS = (
					"$(inherited)",
					"@executable_path/Frameworks",
				);
				MARKETING_VERSION = 2.0;
				PRODUCT_BUNDLE_IDENTIFIER = Widgetilities.NumberBuilder;
				PRODUCT_NAME = NumberBuilder;
				SWIFT_VERSION = 5.0;
				TARGETED_DEVICE_FAMILY = "1,2";
			};
			name = Release;
		};
/* End XCBuildConfiguration section */

/* Begin XCConfigurationList section */
		22442BA62166EEA4000CDCBD /* Build configuration list for PBXProject "NumberBuilder" */ = {
			isa = XCConfigurationList;
			buildConfigurations = (
				22442BBB2166EEA6000CDCBD /* Debug */,
				22442BBC2166EEA6000CDCBD /* Release */,
			);
			defaultConfigurationIsVisible = 0;
			defaultConfigurationName = Release;
		};
		22442BBD2166EEA6000CDCBD /* Build configuration list for PBXNativeTarget "NumberBuilder" */ = {
			isa = XCConfigurationList;
			buildConfigurations = (
				22442BBE2166EEA6000CDCBD /* Debug */,
				22442BBF2166EEA6000CDCBD /* Release */,
			);
			defaultConfigurationIsVisible = 0;
			defaultConfigurationName = Release;
		};
/* End XCConfigurationList section */

/* Begin XCLocalSwiftPackageReference section */
		C141ABB1C85793FD2C8AF189 /* XCLocalSwiftPackageReference "NumberBuilderKit" */ = {
			isa = XCLocalSwiftPackageReference;
			relativePath = NumberBuilderKit;
		};
/* End XCLocalSwiftPackageReference section */

/* Begin XCSwiftPackageProductDependency section */
		210D164A8C076111ED33485A /* NumberBuilderKit */ = {
			isa = XCSwiftPackageProductDependency;
			productName = NumberBuilderKit;
		};
/* End XCSwiftPackageProductDependency section */
	};
	rootObject = 22442BA32166EEA4000CDCBD /* Project object */;
}
