// !$*UTF8*$!
{
	archiveVersion = 1;
	classes = {
	};
	objectVersion = 50;
	objects = {

/* Begin PBXBuildFile section */
		223BDBEB2173E92100ACB7F8 /* UIView+DropShadow.swift in Sources */ = {isa = PBXBuildFile; fileRef = 223BDBEA2173E92100ACB7F8 /* UIView+DropShadow.swift */; };
		223BDBEF2173F16B00ACB7F8 /* UITableViewController+Gradient.swift in Sources */ = {isa = PBXBuildFile; fileRef = 223BDBED2173F16A00ACB7F8 /* UITableViewController+Gradient.swift */; };
		223BDBF02173F16B00ACB7F8 /* ColorPalette.swift in Sources */ = {isa = PBXBuildFile; fileRef = 223BDBEE2173F16A00ACB7F8 /* ColorPalette.swift */; };
		223BDBF22173F1FC00ACB7F8 /* UICollectionViewController+Gradient.swift in Sources */ = {isa = PBXBuildFile; fileRef = 223BDBF12173F1FC00ACB7F8 /* UICollectionViewController+Gradient.swift */; };
		22442BAF2166EEA4000CDCBD /* AppDelegate.swift in Sources */ = {isa = PBXBuildFile; fileRef = 22442BAE2166EEA4000CDCBD /* AppDelegate.swift */; };
		22442BB12166EEA4000CDCBD /* ViewController.swift in Sources */ = {isa = PBXBuildFile; fileRef = 22442BB02166EEA4000CDCBD /* ViewController.swift */; };
		22442BB42166EEA4000CDCBD /* Main.storyboard in Resources */ = {isa = PBXBuildFile; fileRef = 22442BB22166EEA4000CDCBD /* Main.storyboard */; };
		22442BB62166EEA6000CDCBD /* Assets.xcassets in Resources */ = {isa = PBXBuildFile; fileRef = 22442BB52166EEA6000CDCBD /* Assets.xcassets */; };
		22442BB92166EEA6000CDCBD /* LaunchScreen.storyboard in Resources */ = {isa = PBXBuildFile; fileRef = 22442BB72166EEA6000CDCBD /* LaunchScreen.storyboard */; };
		22442BC22166EEF3000CDCBD /* Punch.swift in Sources */ = {isa = PBXBuildFile; fileRef = 22442BC12166EEF3000CDCBD /* Punch.swift */; };
		22442BC42166EF72000CDCBD /* Operation.swift in Sources */ = {isa = PBXBuildFile; fileRef = 22442BC32166EF72000CDCBD /* Operation.swift */; };
		22442BC821699002000CDCBD /* SlamNumber.swift in Sources */ = {isa = PBXBuildFile; fileRef = 22442BC721699002000CDCBD /* SlamNumber.swift */; };
		22570B01216AB92F00A7AA35 /* ResultsCollectionViewController.swift in Sources */ = {isa = PBXBuildFile; fileRef = 22570B00216AB92F00A7AA35 /* ResultsCollectionViewController.swift */; };
		22570B03216AB95A00A7AA35 /* PunchTableViewController.swift in Sources */ = {isa = PBXBuildFile; fileRef = 22570B02216AB95A00A7AA35 /* PunchTableViewController.swift */; };
		22570B05216AC00E00A7AA35 /* ResultsCollectionViewCell.swift in Sources */ = {isa = PBXBuildFile; fileRef = 22570B04216AC00E00A7AA35 /* ResultsCollectionViewCell.swift */; };
		22570B07216B099800A7AA35 /* SlamBoardLayout.swift in Sources */ = {isa = PBXBuildFile; fileRef = 22570B06216B099800A7AA35 /* SlamBoardLayout.swift */; };
		2296C66B2176E0B500A7C307 /* CustomBoardCVC.swift in Sources */ = {isa = PBXBuildFile; fileRef = 2296C66A2176E0B500A7C307 /* CustomBoardCVC.swift */; };
/* End PBXBuildFile section */

/* Begin PBXFileReference section */
		223BDBEA2173E92100ACB7F8 /* UIView+DropShadow.swift */ = {isa = PBXFileReference; lastKnownFileType = sourcecode.swift; path = "UIView+DropShadow.swift"; sourceTree = "<group>"; };
		223BDBED2173F16A00ACB7F8 /* UITableViewController+Gradient.swift */ = {isa = PBXFileReference; fileEncoding = 4; lastKnownFileType = sourcecode.swift; path = "UITableViewController+Gradient.swift"; sourceTree = "<group>"; };
		223BDBEE2173F16A00ACB7F8 /* ColorPalette.swift */ = {isa = PBXFileReference; fileEncoding = 4; lastKnownFileType = sourcecode.swift; path = ColorPalette.swift; sourceTree = "<group>"; };
		223BDBF12173F1FC00ACB7F8 /* UICollectionViewController+Gradient.swift */ = {isa = PBXFileReference; lastKnownFileType = sourcecode.swift; path = "UICollectionViewController+Gradient.swift"; sourceTree = "<group>"; };
		22442BAB2166EEA4000CDCBD /* NumberSlam.app */ = {isa = PBXFileReference; explicitFileType = wrapper.application; includeInIndex = 0; path = NumberSlam.app; sourceTree = BUILT_PRODUCTS_DIR; };
		22442BAE2166EEA4000CDCBD /* AppDelegate.swift */ = {isa = PBXFileReference; lastKnownFileType = sourcecode.swift; path = AppDelegate.swift; sourceTree = "<group>"; };
		22442BB02166EEA4000CDCBD /* ViewController.swift */ = {isa = PBXFileReference; lastKnownFileType = sourcecode.swift; path = ViewController.swift; sourceTree = "<group>"; };
		22442BB32166EEA4000CDCBD /* Base */ = {isa = PBXFileReference; lastKnownFileType = file.storyboard; name = Base; path = Base.lproj/Main.storyboard; sourceTree = "<group>"; };
		22442BB52166EEA6000CDCBD /* Assets.xcassets */ = {isa = PBXFileReference; lastKnownFileType = folder.assetcatalog; path = Assets.xcassets; sourceTree = "<group>"; };
		22442BB82166EEA6000CDCBD /* Base */ = {isa = PBXFileReference; lastKnownFileType = file.storyboard; name = Base; path = Base.lproj/LaunchScreen.storyboard; sourceTree = "<group>"; };
		22442BBA2166EEA6000CDCBD /* Info.plist */ = {isa = PBXFileReference; lastKnownFileType = text.plist.xml; path = Info.plist; sourceTree = "<group>"; };
		22442BC12166EEF3000CDCBD /* Punch.swift */ = {isa = PBXFileReference; lastKnownFileType = sourcecode.swift; path = Punch.swift; sourceTree = "<group>"; };
		22442BC32166EF72000CDCBD /* Operation.swift */ = {isa = PBXFileReference; lastKnownFileType = sourcecode.swift; path = Operation.swift; sourceTree = "<group>"; };
		22442BC721699002000CDCBD /* SlamNumber.swift */ = {isa = PBXFileReference; lastKnownFileType = sourcecode.swift; path = SlamNumber.swift; sourceTree = "<group>"; };
		22570B00216AB92F00A7AA35 /* ResultsCollectionViewController.swift */ = {isa = PBXFileReference; lastKnownFileType = sourcecode.swift; path = ResultsCollectionViewController.swift; sourceTree = "<group>"; };
		22570B02216AB95A00A7AA35 /* PunchTableViewController.swift */ = {isa = PBXFileReference; lastKnownFileType = sourcecode.swift; path = PunchTableViewController.swift; sourceTree = "<group>"; };
		22570B04216AC00E00A7AA35 /* ResultsCollectionViewCell.swift */ = {isa = PBXFileReference; lastKnownFileType = sourcecode.swift; path = ResultsCollectionViewCell.swift; sourceTree = "<group>"; };
		22570B06216B099800A7AA35 /* SlamBoardLayout.swift */ = {isa = PBXFileReference; lastKnownFileType = sourcecode.swift; path = SlamBoardLayout.swift; sourceTree = "<group>"; };
		2296C66A2176E0B500A7C307 /* CustomBoardCVC.swift */ = {isa = PBXFileReference; lastKnownFileType = sourcecode.swift; path = CustomBoardCVC.swift; sourceTree = "<group>"; };
/* End PBXFileReference section */

/* Begin PBXFrameworksBuildPhase section */
		22442BA82166EEA4000CDCBD /* Frameworks */ = {
			isa = PBXFrameworksBuildPhase;
			buildActionMask = 2147483647;
			files = (
			);
			runOnlyForDeploymentPostprocessing = 0;
		};
/* End PBXFrameworksBuildPhase section */

/* Begin PBXGroup section */
		223BDBEC2173F16A00ACB7F8 /* Style */ = {
			isa = PBXGroup;
			children = (
				223BDBEA2173E92100ACB7F8 /* UIView+DropShadow.swift */,
				223BDBED2173F16A00ACB7F8 /* UITableViewController+Gradient.swift */,
				223BDBF12173F1FC00ACB7F8 /* UICollectionViewController+Gradient.swift */,
				223BDBEE2173F16A00ACB7F8 /* ColorPalette.swift */,
			);
			path = Style;
			sourceTree = "<group>";
		};
		22442BA22166EEA4000CDCBD = {
			isa = PBXGroup;
			children = (
				22442BAD2166EEA4000CDCBD /* NumberSlam */,
				22442BAC2166EEA4000CDCBD /* Products */,
			);
			sourceTree = "<group>";
		};
		22442BAC2166EEA4000CDCBD /* Products */ = {
			isa = PBXGroup;
			children = (
				22442BAB2166EEA4000CDCBD /* NumberSlam.app */,
			);
			name = Products;
			sourceTree = "<group>";
		};
		22442BAD2166EEA4000CDCBD /* NumberSlam */ = {
			isa = PBXGroup;
			children = (
				22442BAE2166EEA4000CDCBD /* AppDelegate.swift */,
				22442BB22166EEA4000CDCBD /* Main.storyboard */,
				22442BB02166EEA4000CDCBD /* ViewController.swift */,
				22570B00216AB92F00A7AA35 /* ResultsCollectionViewController.swift */,
				22570B06216B099800A7AA35 /* SlamBoardLayout.swift */,
				22570B04216AC00E00A7AA35 /* ResultsCollectionViewCell.swift */,
				22570B02216AB95A00A7AA35 /* PunchTableViewController.swift */,
				2296C6692176E08F00A7C307 /* Custom Board */,
				22442BC02166EED4000CDCBD /* Model */,
				223BDBEC2173F16A00ACB7F8 /* Style */,
				22442BB52166EEA6000CDCBD /* Assets.xcassets */,
				22442BB72166EEA6000CDCBD /* LaunchScreen.storyboard */,
				22442BBA2166EEA6000CDCBD /* Info.plist */,
			);
			path = NumberSlam;
			sourceTree = "<group>";
		};
		22442BC02166EED4000CDCBD /* Model */ = {
			isa = PBXGroup;
			children = (
				22442BC12166EEF3000CDCBD /* Punch.swift */,
				22442BC721699002000CDCBD /* SlamNumber.swift */,
				22442BC32166EF72000CDCBD /* Operation.swift */,
			);
			path = Model;
			sourceTree = "<group>";
		};
		2296C6692176E08F00A7C307 /* Custom Board */ = {
			isa = PBXGroup;
			children = (
				2296C66A2176E0B500A7C307 /* CustomBoardCVC.swift */,
			);
			path = "Custom Board";
			sourceTree = "<group>";
		};
/* End PBXGroup section */

/* Begin PBXNativeTarget section */
		22442BAA2166EEA4000CDCBD /* NumberSlam */ = {
			isa = PBXNativeTarget;
			buildConfigurationList = 22442BBD2166EEA6000CDCBD /* Build configuration list for PBXNativeTarget "NumberSlam" */;
			buildPhases = (
				22442BA72166EEA4000CDCBD /* Sources */,
				22442BA82166EEA4000CDCBD /* Frameworks */,
				22442BA92166EEA4000CDCBD /* Resources */,
			);
			buildRules = (
			);
			dependencies = (
			);
			name = NumberSlam;
			productName = NumberSlam;
			productReference = 22442BAB2166EEA4000CDCBD /* NumberSlam.app */;
			productType = "com.apple.product-type.application";
		};
/* End PBXNativeTarget section */

/* Begin PBXProject section */
		22442BA32166EEA4000CDCBD /* Project object */ = {
			isa = PBXProject;
			attributes = {
				LastSwiftUpdateCheck = 1000;
				LastUpgradeCheck = 1000;
				ORGANIZATIONNAME = Widgetilities;
				TargetAttributes = {
					22442BAA2166EEA4000CDCBD = {
						CreatedOnToolsVersion = 10.0;
					};
				};
			};
			buildConfigurationList = 22442BA62166EEA4000CDCBD /* Build configuration list for PBXProject "NumberSlam" */;
			compatibilityVersion = "Xcode 9.3";
			developmentRegion = en;
			hasScannedForEncodings = 0;
			knownRegions = (
				en,
				Base,
			);
			mainGroup = 22442BA22166EEA4000CDCBD;
			productRefGroup = 22442BAC2166EEA4000CDCBD /* Products */;
			projectDirPath = "";
			projectRoot = "";
			targets = (
				22442BAA2166EEA4000CDCBD /* NumberSlam */,
			);
		};
/* End PBXProject section */

/* Begin PBXResourcesBuildPhase section */
		22442BA92166EEA4000CDCBD /* Resources */ = {
			isa = PBXResourcesBuildPhase;
			buildActionMask = 2147483647;
			files = (
				22442BB92166EEA6000CDCBD /* LaunchScreen.storyboard in Resources */,
				22442BB62166EEA6000CDCBD /* Assets.xcassets in Resources */,
				22442BB42166EEA4000CDCBD /* Main.storyboard in Resources */,
			);
			runOnlyForDeploymentPostprocessing = 0;
		};
/* End PBXResourcesBuildPhase section */

/* Begin PBXSourcesBuildPhase section */
		22442BA72166EEA4000CDCBD /* Sources */ = {
			isa = PBXSourcesBuildPhase;
			buildActionMask = 2147483647;
			files = (
				223BDBEF2173F16B00ACB7F8 /* UITableViewController+Gradient.swift in Sources */,
				22442BC821699002000CDCBD /* SlamNumber.swift in Sources */,
				22442BC22166EEF3000CDCBD /* Punch.swift in Sources */,
				22442BB12166EEA4000CDCBD /* ViewController.swift in Sources */,
				2296C66B2176E0B500A7C307 /* CustomBoardCVC.swift in Sources */,
				22570B05216AC00E00A7AA35 /* ResultsCollectionViewCell.swift in Sources */,
				22570B01216AB92F00A7AA35 /* ResultsCollectionViewController.swift in Sources */,
				22442BAF2166EEA4000CDCBD /* AppDelegate.swift in Sources */,
				22570B03216AB95A00A7AA35 /* PunchTableViewController.swift in Sources */,
				223BDBEB2173E92100ACB7F8 /* UIView+DropShadow.swift in Sources */,
				223BDBF22173F1FC00ACB7F8 /* UICollectionViewController+Gradient.swift in Sources */,
				22570B07216B099800A7AA35 /* SlamBoardLayout.swift in Sources */,
				22442BC42166EF72000CDCBD /* Operation.swift in Sources */,
				223BDBF02173F16B00ACB7F8 /* ColorPalette.swift in Sources */,
			);
			runOnlyForDeploymentPostprocessing = 0;
		};
/* End PBXSourcesBuildPhase section */

/* Begin PBXVariantGroup section */
		22442BB22166EEA4000CDCBD /* Main.storyboard */ = {
			isa = PBXVariantGroup;
			children = (
				22442BB32166EEA4000CDCBD /* Base */,
			);
			name = Main.storyboard;
			sourceTree = "<group>";
		};
		22442BB72166EEA6000CDCBD /* LaunchScreen.storyboard */ = {
			isa = PBXVariantGroup;
			children = (
				22442BB82166EEA6000CDCBD /* Base */,
			);
			name = LaunchScreen.storyboard;
			sourceTree = "<group>";
		};
/* End PBXVariantGroup section */

/* Begin XCBuildConfiguration section */
		22442BBB2166EEA6000CDCBD /* Debug */ = {
			isa = XCBuildConfiguration;
			buildSettings = {
				ALWAYS_SEARCH_USER_PATHS = NO;
				CLANG_ANALYZER_NONNULL = YES;
				CLANG_ANALYZER_NUMBER_OBJECT_CONVERSION = YES_AGGRESSIVE;
				CLANG_CXX_LANGUAGE_STANDARD = "gnu++14";
				CLANG_CXX_LIBRARY = "libc++";
				CLANG_ENABLE_MODULES = YES;
				CLANG_ENABLE_OBJC_ARC = YES;
				CLANG_ENABLE_OBJC_WEAK = YES;
				CLANG_WARN_BLOCK_CAPTURE_AUTORELEASING = YES;
				CLANG_WARN_BOOL_CONVERSION = YES;
				CLANG_WARN_COMMA = YES;
				CLANG_WARN_CONSTANT_CONVERSION = YES;
				CLANG_WARN_DEPRECATED_OBJC_IMPLEMENTATIONS = YES;
				CLANG_WARN_DIRECT_OBJC_ISA_USAGE = YES_ERROR;
				CLANG_WARN_DOCUMENTATION_COMMENTS = YES;
				CLANG_WARN_EMPTY_BODY = YES;
				CLANG_WARN_ENUM_CONVERSION = YES;
				CLANG_WARN_INFINITE_RECURSION = YES;
				CLANG_WARN_INT_CONVERSION = YES;
				CLANG_WARN_NON_LITERAL_NULL_CONVERSION = YES;
				CLANG_WARN_OBJC_IMPLICIT_RETAIN_SELF = YES;
				CLANG_WARN_OBJC_LITERAL_CONVERSION = YES;
				CLANG_WARN_OBJC_ROOT_CLASS = YES_ERROR;
				CLANG_WARN_RANGE_LOOP_ANALYSIS = YES;
				CLANG_WARN_STRICT_PROTOTYPES = YES;
				CLANG_WARN_SUSPICIOUS_MOVE = YES;
				CLANG_WARN_UNGUARDED_AVAILABILITY = YES_AGGRESSIVE;
				CLANG_WARN_UNREACHABLE_CODE = YES;
				CLANG_WARN__DUPLICATE_METHOD_MATCH = YES;
				CODE_SIGN_IDENTITY = "iPhone Developer";
				COPY_PHASE_STRIP = NO;
				DEBUG_INFORMATION_FORMAT = dwarf;
				ENABLE_STRICT_OBJC_MSGSEND = YES;
				ENABLE_TESTABILITY = YES;
				GCC_C_LANGUAGE_STANDARD = gnu11;
				GCC_DYNAMIC_NO_PIC = NO;
				GCC_NO_COMMON_BLOCKS = YES;
				GCC_OPTIMIZATION_LEVEL = 0;
				GCC_PREPROCESSOR_DEFINITIONS = (
					"DEBUG=1",
					"$(inherited)",
				);
				GCC_WARN_64_TO_32_BIT_CONVERSION = YES;
				GCC_WARN_ABOUT_RETURN_TYPE = YES_ERROR;
				GCC_WARN_UNDECLARED_SELECTOR = YES;
				GCC_WARN_UNINITIALIZED_AUTOS = YES_AGGRESSIVE;
				GCC_WARN_UNUSED_FUNCTION = YES;
				GCC_WARN_UNUSED_VARIABLE = YES;
				IPHONEOS_DEPLOYMENT_TARGET = 12.0;
				MTL_ENABLE_DEBUG_INFO = INCLUDE_SOURCE;
				MTL_FAST_MATH = YES;
				ONLY_ACTIVE_ARCH = YES;
				SDKROOT = iphoneos;
				SWIFT_ACTIVE_COMPILATION_CONDITIONS = DEBUG;
				SWIFT_OPTIMIZATION_LEVEL = "-Onone";
			};
			name = Debug;
		};
		22442BBC2166EEA6000CDCBD /* Release */ = {
			isa = XCBuildConfiguration;
			buildSettings = {
				ALWAYS_SEARCH_USER_PATHS = NO;
				CLANG_ANALYZER_NONNULL = YES;
				CLANG_ANALYZER_NUMBER_OBJECT_CONVERSION = YES_AGGRESSIVE;
				CLANG_CXX_LANGUAGE_STANDARD = "gnu++14";
				CLANG_CXX_LIBRARY = "libc++";
				CLANG_ENABLE_MODULES = YES;
				CLANG_ENABLE_OBJC_ARC = YES;
				CLANG_ENABLE_OBJC_WEAK = YES;
				CLANG_WARN_BLOCK_CAPTURE_AUTORELEASING = YES;
				CLANG_WARN_BOOL_CONVERSION = YES;
				CLANG_WARN_COMMA = YES;
				CLANG_WARN_CONSTANT_CONVERSION = YES;
				CLANG_WARN_DEPRECATED_OBJC_IMPLEMENTATIONS = YES;
				CLANG_WARN_DIRECT_OBJC_ISA_USAGE = YES_ERROR;
				CLANG_WARN_DOCUMENTATION_COMMENTS = YES;
				CLANG_WARN_EMPTY_BODY = YES;
				CLANG_WARN_ENUM_CONVERSION = YES;
				CLANG_WARN_INFINITE_RECURSION = YES;
				CLANG_WARN_INT_CONVERSION = YES;
				CLANG_WARN_NON_LITERAL_NULL_CONVERSION = YES;
				CLANG_WARN_OBJC_IMPLICIT_RETAIN_SELF = YES;
				CLANG_WARN_OBJC_LITERAL_CONVERSION = YES;
				CLANG_WARN_OBJC_ROOT_CLASS = YES_ERROR;
				CLANG_WARN_RANGE_LOOP_ANALYSIS = YES;
				CLANG_WARN_STRICT_PROTOTYPES = YES;
				CLANG_WARN_SUSPICIOUS_MOVE = YES;
				CLANG_WARN_UNGUARDED_AVAILABILITY = YES_AGGRESSIVE;
				CLANG_WARN_UNREACHABLE_CODE = YES;
				CLANG_WARN__DUPLICATE_METHOD_MATCH = YES;
				CODE_SIGN_IDENTITY = "iPhone Developer";
				COPY_PHASE_STRIP = NO;
				DEBUG_INFORMATION_FORMAT = "dwarf-with-dsym";
				ENABLE_NS_ASSERTIONS = NO;
				ENABLE_STRICT_OBJC_MSGSEND = YES;
				GCC_C_LANGUAGE_STANDARD = gnu11;
				GCC_NO_COMMON_BLOCKS = YES;
				GCC_WARN_64_TO_32_BIT_CONVERSION = YES;
				GCC_WARN_ABOUT_RETURN_TYPE = YES_ERROR;
				GCC_WARN_UNDECLARED_SELECTOR = YES;
				GCC_WARN_UNINITIALIZED_AUTOS = YES_AGGRESSIVE;
				GCC_WARN_UNUSED_FUNCTION = YES;
				GCC_WARN_UNUSED_VARIABLE = YES;
				IPHONEOS_DEPLOYMENT_TARGET = 12.0;
				MTL_ENABLE_DEBUG_INFO = NO;
				MTL_FAST_MATH = YES;
				SDKROOT = iphoneos;
				SWIFT_COMPILATION_MODE = wholemodule;
				SWIFT_OPTIMIZATION_LEVEL = "-O";
				VALIDATE_PRODUCT = YES;
			};
			name = Release;
		};
		22442BBE2166EEA6000CDCBD /* Debug */ = {
			isa = XCBuildConfiguration;
			buildSettings = {
				ASSETCATALOG_COMPILER_APPICON_NAME = AppIcon;
				CODE_SIGN_STYLE = Automatic;
				DEVELOPMENT_TEAM = 4C592246MX;
				INFOPLIST_FILE = NumberSlam/Info.plist;
				LD_RUNPATH_SEARCH_PATHS = (
					"$(inherited)",
					"@executable_path/Frameworks",
				);
				PRODUCT_BUNDLE_IDENTIFIER = Widgetilities.NumberSlam;
				PRODUCT_NAME = "$(TARGET_NAME)";
				SWIFT_VERSION = 4.2;
				TARGETED_DEVICE_FAMILY = "1,2";
			};
			name = Debug;
		};
		22442BBF2166EEA6000CDCBD /* Release */ = {
			isa = XCBuildConfiguration;
			buildSettings = {
				ASSETCATALOG_COMPILER_APPICON_NAME = AppIcon;
				CODE_SIGN_STYLE = Automatic;
				DEVELOPMENT_TEAM = 4C592246MX;
				INFOPLIST_FILE = NumberSlam/Info.plist;
				LD_RUNPATH_SEARCH_PATHS = (
					"$(inherited)",
					"@executable_path/Frameworks",
				);
				PRODUCT_BUNDLE_IDENTIFIER = Widgetilities.NumberSlam;
				PRODUCT_NAME = "$(TARGET_NAME)";
				SWIFT_VERSION = 4.2;
				TARGETED_DEVICE_FAMILY = "1,2";
			};
			name = Release;
		};
/* End XCBuildConfiguration section */

/* Begin XCConfigurationList section */
		22442BA62166EEA4000CDCBD /* Build configuration list for PBXProject "NumberSlam" */ = {
			isa = XCConfigurationList;
			buildConfigurations = (
				22442BBB2166EEA6000CDCBD /* Debug */,
				22442BBC2166EEA6000CDCBD /* Release */,
			);
			defaultConfigurationIsVisible = 0;
			defaultConfigurationName = Release;
		};
		22442BBD2166EEA6000CDCBD /* Build configuration list for PBXNativeTarget "NumberSlam" */ = {
			isa = XCConfigurationList;
			buildConfigurations = (
				22442BBE2166EEA6000CDCBD /* Debug */,
				22442BBF2166EEA6000CDCBD /* Release */,
			);
			defaultConfigurationIsVisible = 0;
			defaultConfigurationName = Release;
		};
/* End XCConfigurationList section */
	};
	rootObject = 22442BA32166EEA4000CDCBD /* Project object */;
}
